
Microsoft Visual Studio Solution File, Format Version 10.00
# Visual Studio 2008
Project("{FAE04EC0-301F-11D3-BF4B-00C04F79EFBC}") = "DNS Manager", "DNS Manager\DNS Manager.csproj", "{8B1F42C5-E722-4317-BEF9-79A1FB3EDB4B}"
EndProject
Global
	GlobalSection(SubversionScc) = preSolution
		Svn-Managed = True
		Manager = AnkhSVN - Subversion Support for Visual Studio
	EndGlobalSection
	GlobalSection(SolutionConfigurationPlatforms) = preSolution
		Debug|Any CPU = Debug|Any CPU
		Release|Any CPU = Release|Any CPU
	EndGlobalSection
	GlobalSection(ProjectConfigurationPlatforms) = postSolution
		{8B1F42C5-E722-4317-BEF9-79A1FB3EDB4B}.Debug|Any CPU.ActiveCfg = Debug|Any CPU
		{8B1F42C5-E722-4317-BEF9-79A1FB3EDB4B}.Debug|Any CPU.Build.0 = Debug|Any CPU
		{8B1F42C5-E722-4317-BEF9-79A1FB3EDB4B}.Release|Any CPU.ActiveCfg = Release|Any CPU
		{8B1F42C5-E722-4317-BEF9-79A1FB3EDB4B}.Release|Any CPU.Build.0 = Release|Any CPU
	EndGlobalSection
	GlobalSection(SolutionProperties) = preSolution
		HideSolutionNode = FALSE
	EndGlobalSection
EndGlobal
